
Microsoft Visual Studio Solution File, Format Version 12.00
# Visual Studio Version 16
VisualStudioVersion = 16.0.30717.126
MinimumVisualStudioVersion = 10.0.40219.1
Project("{9A19103F-16F7-4668-BE54-9A1E7A4F7556}") = "LoanCalculator", "LoanCalculator\LoanCalculator.csproj", "{983EA1C9-2199-4E74-81C8-DF460653E5A6}"
EndProject
Project("{FAE04EC0-301F-11D3-BF4B-00C04F79EFBC}") = "LoanCalculatorTest", "LoanCalculatorTest\LoanCalculatorTest.csproj", "{C99AE47C-365C-4D6B-8487-00E6188CD550}"
EndProject
Global
	GlobalSection(SolutionConfigurationPlatforms) = preSolution
		Debug|Any CPU = Debug|Any CPU
		Release|Any CPU = Release|Any CPU
	EndGlobalSection
	GlobalSection(ProjectConfigurationPlatforms) = postSolution
		{983EA1C9-2199-4E74-81C8-DF460653E5A6}.Debug|Any CPU.ActiveCfg = Debug|Any CPU
		{983EA1C9-2199-4E74-81C8-DF460653E5A6}.Debug|Any CPU.Build.0 = Debug|Any CPU
		{983EA1C9-2199-4E74-81C8-DF460653E5A6}.Release|Any CPU.ActiveCfg = Release|Any CPU
		{983EA1C9-2199-4E74-81C8-DF460653E5A6}.Release|Any CPU.Build.0 = Release|Any CPU
		{C99AE47C-365C-4D6B-8487-00E6188CD550}.Debug|Any CPU.ActiveCfg = Debug|Any CPU
		{C99AE47C-365C-4D6B-8487-00E6188CD550}.Debug|Any CPU.Build.0 = Debug|Any CPU
		{C99AE47C-365C-4D6B-8487-00E6188CD550}.Release|Any CPU.ActiveCfg = Release|Any CPU
		{C99AE47C-365C-4D6B-8487-00E6188CD550}.Release|Any CPU.Build.0 = Release|Any CPU
	EndGlobalSection
	GlobalSection(SolutionProperties) = preSolution
		HideSolutionNode = FALSE
	EndGlobalSection
	GlobalSection(ExtensibilityGlobals) = postSolution
		SolutionGuid = {70437125-B5B8-4FEA-910A-28AFF665F4AE}
	EndGlobalSection
EndGlobal
